
Microsoft Visual Studio Solution File, Format Version 12.00
# Visual Studio Version 17
VisualStudioVersion = 17.10.35013.160
MinimumVisualStudioVersion = 10.0.40219.1
Project("{FAE04EC0-301F-11D3-BF4B-00C04F79EFBC}") = "eCommerceSite", "eCommerceSite\eCommerceSite.csproj", "{4CF6B15B-8A22-4E83-8002-5D353497B561}"
EndProject
Global
	GlobalSection(SolutionConfigurationPlatforms) = preSolution
		Debug|Any CPU = Debug|Any CPU
		Release|Any CPU = Release|Any CPU
	EndGlobalSection
	GlobalSection(ProjectConfigurationPlatforms) = postSolution
		{4CF6B15B-8A22-4E83-8002-5D353497B561}.Debug|Any CPU.ActiveCfg = Debug|Any CPU
		{4CF6B15B-8A22-4E83-8002-5D353497B561}.Debug|Any CPU.Build.0 = Debug|Any CPU
		{4CF6B15B-8A22-4E83-8002-5D353497B561}.Release|Any CPU.ActiveCfg = Release|Any CPU
		{4CF6B15B-8A22-4E83-8002-5D353497B561}.Release|Any CPU.Build.0 = Release|Any CPU
	EndGlobalSection
	GlobalSection(SolutionProperties) = preSolution
		HideSolutionNode = FALSE
	EndGlobalSection
	GlobalSection(ExtensibilityGlobals) = postSolution
		SolutionGuid = {12880A3F-9EB5-491A-8E60-C4AAC13377BB}
	EndGlobalSection
EndGlobal
